
Microsoft Visual Studio Solution File, Format Version 12.00
# Visual Studio Version 17
VisualStudioVersion = 17.7.34009.444
MinimumVisualStudioVersion = 10.0.40219.1
Project("{9A19103F-16F7-4668-BE54-9A1E7A4F7556}") = "Sklep_internetowy", "Sklep_internetowy.csproj", "{6C43D7AE-37C0-4C48-82AA-8D543009E875}"
EndProject
Global
	GlobalSection(SolutionConfigurationPlatforms) = preSolution
		Debug|Any CPU = Debug|Any CPU
		Release|Any CPU = Release|Any CPU
	EndGlobalSection
	GlobalSection(ProjectConfigurationPlatforms) = postSolution
		{6C43D7AE-37C0-4C48-82AA-8D543009E875}.Debug|Any CPU.ActiveCfg = Debug|Any CPU
		{6C43D7AE-37C0-4C48-82AA-8D543009E875}.Debug|Any CPU.Build.0 = Debug|Any CPU
		{6C43D7AE-37C0-4C48-82AA-8D543009E875}.Release|Any CPU.ActiveCfg = Release|Any CPU
		{6C43D7AE-37C0-4C48-82AA-8D543009E875}.Release|Any CPU.Build.0 = Release|Any CPU
	EndGlobalSection
	GlobalSection(SolutionProperties) = preSolution
		HideSolutionNode = FALSE
	EndGlobalSection
	GlobalSection(ExtensibilityGlobals) = postSolution
		SolutionGuid = {4DA18AAA-97F6-4683-9542-6C4322F88D61}
	EndGlobalSection
EndGlobal
